
Microsoft Visual Studio Solution File, Format Version 12.00
# Visual Studio Version 16
VisualStudioVersion = 16.0.30804.86
MinimumVisualStudioVersion = 10.0.40219.1
Project("{9A19103F-16F7-4668-BE54-9A1E7A4F7556}") = "BlazorSampleClient", "SampleClient\BlazorSampleClient.csproj", "{2B1FD36E-90AB-472F-A79B-2181C7CA632B}"
EndProject
Project("{9A19103F-16F7-4668-BE54-9A1E7A4F7556}") = "BlazorPropertyGridComponents", "ComponentLibrary\BlazorPropertyGridComponents.csproj", "{5A19B619-6A07-45EF-BF65-DF778399E645}"
EndProject
Global
	GlobalSection(SolutionConfigurationPlatforms) = preSolution
		Debug|Any CPU = Debug|Any CPU
		Release|Any CPU = Release|Any CPU
	EndGlobalSection
	GlobalSection(ProjectConfigurationPlatforms) = postSolution
		{2B1FD36E-90AB-472F-A79B-2181C7CA632B}.Debug|Any CPU.ActiveCfg = Debug|Any CPU
		{2B1FD36E-90AB-472F-A79B-2181C7CA632B}.Debug|Any CPU.Build.0 = Debug|Any CPU
		{2B1FD36E-90AB-472F-A79B-2181C7CA632B}.Release|Any CPU.ActiveCfg = Release|Any CPU
		{2B1FD36E-90AB-472F-A79B-2181C7CA632B}.Release|Any CPU.Build.0 = Release|Any CPU
		{5A19B619-6A07-45EF-BF65-DF778399E645}.Debug|Any CPU.ActiveCfg = Debug|Any CPU
		{5A19B619-6A07-45EF-BF65-DF778399E645}.Debug|Any CPU.Build.0 = Debug|Any CPU
		{5A19B619-6A07-45EF-BF65-DF778399E645}.Release|Any CPU.ActiveCfg = Release|Any CPU
		{5A19B619-6A07-45EF-BF65-DF778399E645}.Release|Any CPU.Build.0 = Release|Any CPU
	EndGlobalSection
	GlobalSection(SolutionProperties) = preSolution
		HideSolutionNode = FALSE
	EndGlobalSection
	GlobalSection(ExtensibilityGlobals) = postSolution
		SolutionGuid = {3B444114-D2B9-46FE-BA19-49EA841A2243}
	EndGlobalSection
EndGlobal
